// !$*UTF8*$!
{
	archiveVersion = 1;
	classes = {
	};
	objectVersion = 56;
	objects = {

/* Begin PBXBuildFile section */
		9A1C4BE92A7D988600628A99 /* WriterView.swift in Sources */ = {isa = PBXBuildFile; fileRef = 9A1C4BE82A7D988600628A99 /* WriterView.swift */; };
		9A1C4BEB2A7DA0D900628A99 /* SettingsView.swift in Sources */ = {isa = PBXBuildFile; fileRef = 9A1C4BEA2A7DA0D900628A99 /* SettingsView.swift */; };
		9A4FFBAE2A7FD78800BCA547 /* HomeView.swift in Sources */ = {isa = PBXBuildFile; fileRef = 9A4FFBAD2A7FD78800BCA547 /* HomeView.swift */; };
		9A4FFBB02A7FDCC600BCA547 /* TalesView.swift in Sources */ = {isa = PBXBuildFile; fileRef = 9A4FFBAF2A7FDCC600BCA547 /* TalesView.swift */; };
		9A4FFBB22A87D18C00BCA547 /* TalesController.swift in Sources */ = {isa = PBXBuildFile; fileRef = 9A4FFBB12A87D18C00BCA547 /* TalesController.swift */; };
		9A4FFBB52A87D31000BCA547 /* DailyTale.xcdatamodeld in Sources */ = {isa = PBXBuildFile; fileRef = 9A4FFBB32A87D31000BCA547 /* DailyTale.xcdatamodeld */; };
		9A4FFBBC2A87EAA600BCA547 /* SettingsController.swift in Sources */ = {isa = PBXBuildFile; fileRef = 9A4FFBBB2A87EAA600BCA547 /* SettingsController.swift */; };
		9A4FFBBF2A87EEB700BCA547 /* Color.swift in Sources */ = {isa = PBXBuildFile; fileRef = 9A4FFBBE2A87EEB700BCA547 /* Color.swift */; };
		9A4FFBC12A87F31300BCA547 /* Constants.swift in Sources */ = {isa = PBXBuildFile; fileRef = 9A4FFBC02A87F31300BCA547 /* Constants.swift */; };
		9AE77DF52A7D8E010073CED0 /* DailyTaleApp.swift in Sources */ = {isa = PBXBuildFile; fileRef = 9AE77DF42A7D8E010073CED0 /* DailyTaleApp.swift */; };
		9AE77DF92A7D8E040073CED0 /* Assets.xcassets in Resources */ = {isa = PBXBuildFile; fileRef = 9AE77DF82A7D8E040073CED0 /* Assets.xcassets */; };
		9AE77DFC2A7D8E040073CED0 /* Preview Assets.xcassets in Resources */ = {isa = PBXBuildFile; fileRef = 9AE77DFB2A7D8E040073CED0 /* Preview Assets.xcassets */; };
		9AEEE3D72A8915E400641307 /* WordGridView.swift in Sources */ = {isa = PBXBuildFile; fileRef = 9AEEE3D62A8915E400641307 /* WordGridView.swift */; };
		9AEEE3DF2A8AA68400641307 /* Array.swift in Sources */ = {isa = PBXBuildFile; fileRef = 9AEEE3DE2A8AA68400641307 /* Array.swift */; };
		9AEEE3E12A8AAF1A00641307 /* WordsViewController.swift in Sources */ = {isa = PBXBuildFile; fileRef = 9AEEE3E02A8AAF1A00641307 /* WordsViewController.swift */; };
		9AEEE3E32A8D392F00641307 /* wordlist.json in Resources */ = {isa = PBXBuildFile; fileRef = 9AEEE3E22A8D392F00641307 /* wordlist.json */; };
/* End PBXBuildFile section */

/* Begin PBXFileReference section */
		9A1C4BE82A7D988600628A99 /* WriterView.swift */ = {isa = PBXFileReference; lastKnownFileType = sourcecode.swift; path = WriterView.swift; sourceTree = "<group>"; };
		9A1C4BEA2A7DA0D900628A99 /* SettingsView.swift */ = {isa = PBXFileReference; lastKnownFileType = sourcecode.swift; path = SettingsView.swift; sourceTree = "<group>"; };
		9A4FFBAD2A7FD78800BCA547 /* HomeView.swift */ = {isa = PBXFileReference; lastKnownFileType = sourcecode.swift; path = HomeView.swift; sourceTree = "<group>"; };
		9A4FFBAF2A7FDCC600BCA547 /* TalesView.swift */ = {isa = PBXFileReference; lastKnownFileType = sourcecode.swift; path = TalesView.swift; sourceTree = "<group>"; };
		9A4FFBB12A87D18C00BCA547 /* TalesController.swift */ = {isa = PBXFileReference; lastKnownFileType = sourcecode.swift; path = TalesController.swift; sourceTree = "<group>"; };
		9A4FFBB42A87D31000BCA547 /* DailyTale.xcdatamodel */ = {isa = PBXFileReference; lastKnownFileType = wrapper.xcdatamodel; path = DailyTale.xcdatamodel; sourceTree = "<group>"; };
		9A4FFBBB2A87EAA600BCA547 /* SettingsController.swift */ = {isa = PBXFileReference; lastKnownFileType = sourcecode.swift; path = SettingsController.swift; sourceTree = "<group>"; };
		9A4FFBBE2A87EEB700BCA547 /* Color.swift */ = {isa = PBXFileReference; lastKnownFileType = sourcecode.swift; path = Color.swift; sourceTree = "<group>"; };
		9A4FFBC02A87F31300BCA547 /* Constants.swift */ = {isa = PBXFileReference; lastKnownFileType = sourcecode.swift; path = Constants.swift; sourceTree = "<group>"; };
		9A4FFBC42A87F51300BCA547 /* Info.plist */ = {isa = PBXFileReference; lastKnownFileType = text.plist; path = Info.plist; sourceTree = "<group>"; };
		9AE77DF12A7D8E010073CED0 /* DailyTale.app */ = {isa = PBXFileReference; explicitFileType = wrapper.application; includeInIndex = 0; path = DailyTale.app; sourceTree = BUILT_PRODUCTS_DIR; };
		9AE77DF42A7D8E010073CED0 /* DailyTaleApp.swift */ = {isa = PBXFileReference; lastKnownFileType = sourcecode.swift; path = DailyTaleApp.swift; sourceTree = "<group>"; };
		9AE77DF82A7D8E040073CED0 /* Assets.xcassets */ = {isa = PBXFileReference; lastKnownFileType = folder.assetcatalog; path = Assets.xcassets; sourceTree = "<group>"; };
		9AE77DFB2A7D8E040073CED0 /* Preview Assets.xcassets */ = {isa = PBXFileReference; lastKnownFileType = folder.assetcatalog; path = "Preview Assets.xcassets"; sourceTree = "<group>"; };
		9AEEE3D62A8915E400641307 /* WordGridView.swift */ = {isa = PBXFileReference; lastKnownFileType = sourcecode.swift; path = WordGridView.swift; sourceTree = "<group>"; };
		9AEEE3DE2A8AA68400641307 /* Array.swift */ = {isa = PBXFileReference; lastKnownFileType = sourcecode.swift; path = Array.swift; sourceTree = "<group>"; };
		9AEEE3E02A8AAF1A00641307 /* WordsViewController.swift */ = {isa = PBXFileReference; lastKnownFileType = sourcecode.swift; path = WordsViewController.swift; sourceTree = "<group>"; };
		9AEEE3E22A8D392F00641307 /* wordlist.json */ = {isa = PBXFileReference; fileEncoding = 4; lastKnownFileType = text.json; path = wordlist.json; sourceTree = "<group>"; };
/* End PBXFileReference section */

/* Begin PBXFrameworksBuildPhase section */
		9AE77DEE2A7D8E010073CED0 /* Frameworks */ = {
			isa = PBXFrameworksBuildPhase;
			buildActionMask = 2147483647;
			files = (
			);
			runOnlyForDeploymentPostprocessing = 0;
		};
/* End PBXFrameworksBuildPhase section */

/* Begin PBXGroup section */
		9A4FFBB82A87EA1000BCA547 /* Views */ = {
			isa = PBXGroup;
			children = (
				9AEEE3DB2A8AA3F600641307 /* Words */,
				9A1C4BEA2A7DA0D900628A99 /* SettingsView.swift */,
				9A4FFBAD2A7FD78800BCA547 /* HomeView.swift */,
				9A4FFBAF2A7FDCC600BCA547 /* TalesView.swift */,
				9A1C4BE82A7D988600628A99 /* WriterView.swift */,
			);
			path = Views;
			sourceTree = "<group>";
		};
		9A4FFBB92A87EA1A00BCA547 /* Models */ = {
			isa = PBXGroup;
			children = (
				9A4FFBB32A87D31000BCA547 /* DailyTale.xcdatamodeld */,
			);
			path = Models;
			sourceTree = "<group>";
		};
		9A4FFBBA2A87EA2000BCA547 /* ViewModels */ = {
			isa = PBXGroup;
			children = (
				9A4FFBB12A87D18C00BCA547 /* TalesController.swift */,
				9A4FFBBB2A87EAA600BCA547 /* SettingsController.swift */,
				9AEEE3E02A8AAF1A00641307 /* WordsViewController.swift */,
			);
			path = ViewModels;
			sourceTree = "<group>";
		};
		9A4FFBBD2A87EEAB00BCA547 /* Extensions */ = {
			isa = PBXGroup;
			children = (
				9A4FFBBE2A87EEB700BCA547 /* Color.swift */,
				9AEEE3DE2A8AA68400641307 /* Array.swift */,
			);
			path = Extensions;
			sourceTree = "<group>";
		};
		9AE77DE82A7D8E010073CED0 = {
			isa = PBXGroup;
			children = (
				9AE77DF32A7D8E010073CED0 /* DailyTale */,
				9AE77DF22A7D8E010073CED0 /* Products */,
			);
			sourceTree = "<group>";
		};
		9AE77DF22A7D8E010073CED0 /* Products */ = {
			isa = PBXGroup;
			children = (
				9AE77DF12A7D8E010073CED0 /* DailyTale.app */,
			);
			name = Products;
			sourceTree = "<group>";
		};
		9AE77DF32A7D8E010073CED0 /* DailyTale */ = {
			isa = PBXGroup;
			children = (
				9AEEE3E22A8D392F00641307 /* wordlist.json */,
				9A4FFBC42A87F51300BCA547 /* Info.plist */,
				9A4FFBBD2A87EEAB00BCA547 /* Extensions */,
				9A4FFBBA2A87EA2000BCA547 /* ViewModels */,
				9A4FFBB92A87EA1A00BCA547 /* Models */,
				9A4FFBB82A87EA1000BCA547 /* Views */,
				9AE77DF42A7D8E010073CED0 /* DailyTaleApp.swift */,
				9AE77DF82A7D8E040073CED0 /* Assets.xcassets */,
				9AE77DFA2A7D8E040073CED0 /* Preview Content */,
				9A4FFBC02A87F31300BCA547 /* Constants.swift */,
			);
			path = DailyTale;
			sourceTree = "<group>";
		};
		9AE77DFA2A7D8E040073CED0 /* Preview Content */ = {
			isa = PBXGroup;
			children = (
				9AE77DFB2A7D8E040073CED0 /* Preview Assets.xcassets */,
			);
			path = "Preview Content";
			sourceTree = "<group>";
		};
		9AEEE3DB2A8AA3F600641307 /* Words */ = {
			isa = PBXGroup;
			children = (
				9AEEE3D62A8915E400641307 /* WordGridView.swift */,
			);
			path = Words;
			sourceTree = "<group>";
		};
/* End PBXGroup section */

/* Begin PBXNativeTarget section */
		9AE77DF02A7D8E010073CED0 /* DailyTale */ = {
			isa = PBXNativeTarget;
			buildConfigurationList = 9AE77DFF2A7D8E040073CED0 /* Build configuration list for PBXNativeTarget "DailyTale" */;
			buildPhases = (
				9AE77DED2A7D8E010073CED0 /* Sources */,
				9AE77DEE2A7D8E010073CED0 /* Frameworks */,
				9AE77DEF2A7D8E010073CED0 /* Resources */,
			);
			buildRules = (
			);
			dependencies = (
			);
			name = DailyTale;
			packageProductDependencies = (
			);
			productName = DailyTale;
			productReference = 9AE77DF12A7D8E010073CED0 /* DailyTale.app */;
			productType = "com.apple.product-type.application";
		};
/* End PBXNativeTarget section */

/* Begin PBXProject section */
		9AE77DE92A7D8E010073CED0 /* Project object */ = {
			isa = PBXProject;
			attributes = {
				BuildIndependentTargetsInParallel = 1;
				LastSwiftUpdateCheck = 1420;
				LastUpgradeCheck = 1420;
				TargetAttributes = {
					9AE77DF02A7D8E010073CED0 = {
						CreatedOnToolsVersion = 14.2;
					};
				};
			};
			buildConfigurationList = 9AE77DEC2A7D8E010073CED0 /* Build configuration list for PBXProject "DailyTale" */;
			compatibilityVersion = "Xcode 14.0";
			developmentRegion = en;
			hasScannedForEncodings = 0;
			knownRegions = (
				en,
				Base,
			);
			mainGroup = 9AE77DE82A7D8E010073CED0;
			packageReferences = (
			);
			productRefGroup = 9AE77DF22A7D8E010073CED0 /* Products */;
			projectDirPath = "";
			projectRoot = "";
			targets = (
				9AE77DF02A7D8E010073CED0 /* DailyTale */,
			);
		};
/* End PBXProject section */

/* Begin PBXResourcesBuildPhase section */
		9AE77DEF2A7D8E010073CED0 /* Resources */ = {
			isa = PBXResourcesBuildPhase;
			buildActionMask = 2147483647;
			files = (
				9AE77DFC2A7D8E040073CED0 /* Preview Assets.xcassets in Resources */,
				9AE77DF92A7D8E040073CED0 /* Assets.xcassets in Resources */,
				9AEEE3E32A8D392F00641307 /* wordlist.json in Resources */,
			);
			runOnlyForDeploymentPostprocessing = 0;
		};
/* End PBXResourcesBuildPhase section */

/* Begin PBXSourcesBuildPhase section */
		9AE77DED2A7D8E010073CED0 /* Sources */ = {
			isa = PBXSourcesBuildPhase;
			buildActionMask = 2147483647;
			files = (
				9A1C4BEB2A7DA0D900628A99 /* SettingsView.swift in Sources */,
				9AEEE3DF2A8AA68400641307 /* Array.swift in Sources */,
				9AEEE3D72A8915E400641307 /* WordGridView.swift in Sources */,
				9A4FFBB22A87D18C00BCA547 /* TalesController.swift in Sources */,
				9AEEE3E12A8AAF1A00641307 /* WordsViewController.swift in Sources */,
				9A4FFBAE2A7FD78800BCA547 /* HomeView.swift in Sources */,
				9A4FFBBC2A87EAA600BCA547 /* SettingsController.swift in Sources */,
				9AE77DF52A7D8E010073CED0 /* DailyTaleApp.swift in Sources */,
				9A4FFBC12A87F31300BCA547 /* Constants.swift in Sources */,
				9A4FFBB02A7FDCC600BCA547 /* TalesView.swift in Sources */,
				9A1C4BE92A7D988600628A99 /* WriterView.swift in Sources */,
				9A4FFBB52A87D31000BCA547 /* DailyTale.xcdatamodeld in Sources */,
				9A4FFBBF2A87EEB700BCA547 /* Color.swift in Sources */,
			);
			runOnlyForDeploymentPostprocessing = 0;
		};
/* End PBXSourcesBuildPhase section */

/* Begin XCBuildConfiguration section */
		9AE77DFD2A7D8E040073CED0 /* Debug */ = {
			isa = XCBuildConfiguration;
			buildSettings = {
				ALWAYS_SEARCH_USER_PATHS = NO;
				CLANG_ANALYZER_NONNULL = YES;
				CLANG_ANALYZER_NUMBER_OBJECT_CONVERSION = YES_AGGRESSIVE;
				CLANG_CXX_LANGUAGE_STANDARD = "gnu++20";
				CLANG_ENABLE_MODULES = YES;
				CLANG_ENABLE_OBJC_ARC = YES;
				CLANG_ENABLE_OBJC_WEAK = YES;
				CLANG_WARN_BLOCK_CAPTURE_AUTORELEASING = YES;
				CLANG_WARN_BOOL_CONVERSION = YES;
				CLANG_WARN_COMMA = YES;
				CLANG_WARN_CONSTANT_CONVERSION = YES;
				CLANG_WARN_DEPRECATED_OBJC_IMPLEMENTATIONS = YES;
				CLANG_WARN_DIRECT_OBJC_ISA_USAGE = YES_ERROR;
				CLANG_WARN_DOCUMENTATION_COMMENTS = YES;
				CLANG_WARN_EMPTY_BODY = YES;
				CLANG_WARN_ENUM_CONVERSION = YES;
				CLANG_WARN_INFINITE_RECURSION = YES;
				CLANG_WARN_INT_CONVERSION = YES;
				CLANG_WARN_NON_LITERAL_NULL_CONVERSION = YES;
				CLANG_WARN_OBJC_IMPLICIT_RETAIN_SELF = YES;
				CLANG_WARN_OBJC_LITERAL_CONVERSION = YES;
				CLANG_WARN_OBJC_ROOT_CLASS = YES_ERROR;
				CLANG_WARN_QUOTED_INCLUDE_IN_FRAMEWORK_HEADER = YES;
				CLANG_WARN_RANGE_LOOP_ANALYSIS = YES;
				CLANG_WARN_STRICT_PROTOTYPES = YES;
				CLANG_WARN_SUSPICIOUS_MOVE = YES;
				CLANG_WARN_UNGUARDED_AVAILABILITY = YES_AGGRESSIVE;
				CLANG_WARN_UNREACHABLE_CODE = YES;
				CLANG_WARN__DUPLICATE_METHOD_MATCH = YES;
				COPY_PHASE_STRIP = NO;
				DEBUG_INFORMATION_FORMAT = dwarf;
				ENABLE_STRICT_OBJC_MSGSEND = YES;
				ENABLE_TESTABILITY = YES;
				GCC_C_LANGUAGE_STANDARD = gnu11;
				GCC_DYNAMIC_NO_PIC = NO;
				GCC_NO_COMMON_BLOCKS = YES;
				GCC_OPTIMIZATION_LEVEL = 0;
				GCC_PREPROCESSOR_DEFINITIONS = (
					"DEBUG=1",
					"$(inherited)",
				);
				GCC_WARN_64_TO_32_BIT_CONVERSION = YES;
				GCC_WARN_ABOUT_RETURN_TYPE = YES_ERROR;
				GCC_WARN_UNDECLARED_SELECTOR = YES;
				GCC_WARN_UNINITIALIZED_AUTOS = YES_AGGRESSIVE;
				GCC_WARN_UNUSED_FUNCTION = YES;
				GCC_WARN_UNUSED_VARIABLE = YES;
				IPHONEOS_DEPLOYMENT_TARGET = 16.2;
				MTL_ENABLE_DEBUG_INFO = INCLUDE_SOURCE;
				MTL_FAST_MATH = YES;
				ONLY_ACTIVE_ARCH = YES;
				SDKROOT = iphoneos;
				SWIFT_ACTIVE_COMPILATION_CONDITIONS = DEBUG;
				SWIFT_OPTIMIZATION_LEVEL = "-Onone";
			};
			name = Debug;
		};
		9AE77DFE2A7D8E040073CED0 /* Release */ = {
			isa = XCBuildConfiguration;
			buildSettings = {
				ALWAYS_SEARCH_USER_PATHS = NO;
				CLANG_ANALYZER_NONNULL = YES;
				CLANG_ANALYZER_NUMBER_OBJECT_CONVERSION = YES_AGGRESSIVE;
				CLANG_CXX_LANGUAGE_STANDARD = "gnu++20";
				CLANG_ENABLE_MODULES = YES;
				CLANG_ENABLE_OBJC_ARC = YES;
				CLANG_ENABLE_OBJC_WEAK = YES;
				CLANG_WARN_BLOCK_CAPTURE_AUTORELEASING = YES;
				CLANG_WARN_BOOL_CONVERSION = YES;
				CLANG_WARN_COMMA = YES;
				CLANG_WARN_CONSTANT_CONVERSION = YES;
				CLANG_WARN_DEPRECATED_OBJC_IMPLEMENTATIONS = YES;
				CLANG_WARN_DIRECT_OBJC_ISA_USAGE = YES_ERROR;
				CLANG_WARN_DOCUMENTATION_COMMENTS = YES;
				CLANG_WARN_EMPTY_BODY = YES;
				CLANG_WARN_ENUM_CONVERSION = YES;
				CLANG_WARN_INFINITE_RECURSION = YES;
				CLANG_WARN_INT_CONVERSION = YES;
				CLANG_WARN_NON_LITERAL_NULL_CONVERSION = YES;
				CLANG_WARN_OBJC_IMPLICIT_RETAIN_SELF = YES;
				CLANG_WARN_OBJC_LITERAL_CONVERSION = YES;
				CLANG_WARN_OBJC_ROOT_CLASS = YES_ERROR;
				CLANG_WARN_QUOTED_INCLUDE_IN_FRAMEWORK_HEADER = YES;
				CLANG_WARN_RANGE_LOOP_ANALYSIS = YES;
				CLANG_WARN_STRICT_PROTOTYPES = YES;
				CLANG_WARN_SUSPICIOUS_MOVE = YES;
				CLANG_WARN_UNGUARDED_AVAILABILITY = YES_AGGRESSIVE;
				CLANG_WARN_UNREACHABLE_CODE = YES;
				CLANG_WARN__DUPLICATE_METHOD_MATCH = YES;
				COPY_PHASE_STRIP = NO;
				DEBUG_INFORMATION_FORMAT = "dwarf-with-dsym";
				ENABLE_NS_ASSERTIONS = NO;
				ENABLE_STRICT_OBJC_MSGSEND = YES;
				GCC_C_LANGUAGE_STANDARD = gnu11;
				GCC_NO_COMMON_BLOCKS = YES;
				GCC_WARN_64_TO_32_BIT_CONVERSION = YES;
				GCC_WARN_ABOUT_RETURN_TYPE = YES_ERROR;
				GCC_WARN_UNDECLARED_SELECTOR = YES;
				GCC_WARN_UNINITIALIZED_AUTOS = YES_AGGRESSIVE;
				GCC_WARN_UNUSED_FUNCTION = YES;
				GCC_WARN_UNUSED_VARIABLE = YES;
				IPHONEOS_DEPLOYMENT_TARGET = 16.2;
				MTL_ENABLE_DEBUG_INFO = NO;
				MTL_FAST_MATH = YES;
				SDKROOT = iphoneos;
				SWIFT_COMPILATION_MODE = wholemodule;
				SWIFT_OPTIMIZATION_LEVEL = "-O";
				VALIDATE_PRODUCT = YES;
			};
			name = Release;
		};
		9AE77E002A7D8E040073CED0 /* Debug */ = {
			isa = XCBuildConfiguration;
			buildSettings = {
				ASSETCATALOG_COMPILER_APPICON_NAME = AppIcon;
				ASSETCATALOG_COMPILER_GLOBAL_ACCENT_COLOR_NAME = AccentColor;
				CODE_SIGN_STYLE = Automatic;
				CURRENT_PROJECT_VERSION = 1;
				DEVELOPMENT_ASSET_PATHS = "\"DailyTale/Preview Content\"";
				DEVELOPMENT_TEAM = YL599662J5;
				ENABLE_PREVIEWS = YES;
				GENERATE_INFOPLIST_FILE = YES;
				INFOPLIST_FILE = DailyTale/Info.plist;
				INFOPLIST_KEY_UIApplicationSceneManifest_Generation = YES;
				INFOPLIST_KEY_UIApplicationSupportsIndirectInputEvents = YES;
				INFOPLIST_KEY_UILaunchScreen_Generation = YES;
				INFOPLIST_KEY_UISupportedInterfaceOrientations_iPad = "UIInterfaceOrientationPortrait UIInterfaceOrientationPortraitUpsideDown UIInterfaceOrientationLandscapeLeft UIInterfaceOrientationLandscapeRight";
				INFOPLIST_KEY_UISupportedInterfaceOrientations_iPhone = "UIInterfaceOrientationPortrait UIInterfaceOrientationLandscapeLeft UIInterfaceOrientationLandscapeRight";
				LD_RUNPATH_SEARCH_PATHS = (
					"$(inherited)",
					"@executable_path/Frameworks",
				);
				MARKETING_VERSION = 1.0;
				PRODUCT_BUNDLE_IDENTIFIER = com.Hugo.DailyTale;
				PRODUCT_NAME = "$(TARGET_NAME)";
				SWIFT_EMIT_LOC_STRINGS = YES;
				SWIFT_VERSION = 5.0;
				TARGETED_DEVICE_FAMILY = "1,2";
			};
			name = Debug;
		};
		9AE77E012A7D8E040073CED0 /* Release */ = {
			isa = XCBuildConfiguration;
			buildSettings = {
				ASSETCATALOG_COMPILER_APPICON_NAME = AppIcon;
				ASSETCATALOG_COMPILER_GLOBAL_ACCENT_COLOR_NAME = AccentColor;
				CODE_SIGN_STYLE = Automatic;
				CURRENT_PROJECT_VERSION = 1;
				DEVELOPMENT_ASSET_PATHS = "\"DailyTale/Preview Content\"";
				DEVELOPMENT_TEAM = YL599662J5;
				ENABLE_PREVIEWS = YES;
				GENERATE_INFOPLIST_FILE = YES;
				INFOPLIST_FILE = DailyTale/Info.plist;
				INFOPLIST_KEY_UIApplicationSceneManifest_Generation = YES;
				INFOPLIST_KEY_UIApplicationSupportsIndirectInputEvents = YES;
				INFOPLIST_KEY_UILaunchScreen_Generation = YES;
				INFOPLIST_KEY_UISupportedInterfaceOrientations_iPad = "UIInterfaceOrientationPortrait UIInterfaceOrientationPortraitUpsideDown UIInterfaceOrientationLandscapeLeft UIInterfaceOrientationLandscapeRight";
				INFOPLIST_KEY_UISupportedInterfaceOrientations_iPhone = "UIInterfaceOrientationPortrait UIInterfaceOrientationLandscapeLeft UIInterfaceOrientationLandscapeRight";
				LD_RUNPATH_SEARCH_PATHS = (
					"$(inherited)",
					"@executable_path/Frameworks",
				);
				MARKETING_VERSION = 1.0;
				PRODUCT_BUNDLE_IDENTIFIER = com.Hugo.DailyTale;
				PRODUCT_NAME = "$(TARGET_NAME)";
				SWIFT_EMIT_LOC_STRINGS = YES;
				SWIFT_VERSION = 5.0;
				TARGETED_DEVICE_FAMILY = "1,2";
			};
			name = Release;
		};
/* End XCBuildConfiguration section */

/* Begin XCConfigurationList section */
		9AE77DEC2A7D8E010073CED0 /* Build configuration list for PBXProject "DailyTale" */ = {
			isa = XCConfigurationList;
			buildConfigurations = (
				9AE77DFD2A7D8E040073CED0 /* Debug */,
				9AE77DFE2A7D8E040073CED0 /* Release */,
			);
			defaultConfigurationIsVisible = 0;
			defaultConfigurationName = Release;
		};
		9AE77DFF2A7D8E040073CED0 /* Build configuration list for PBXNativeTarget "DailyTale" */ = {
			isa = XCConfigurationList;
			buildConfigurations = (
				9AE77E002A7D8E040073CED0 /* Debug */,
				9AE77E012A7D8E040073CED0 /* Release */,
			);
			defaultConfigurationIsVisible = 0;
			defaultConfigurationName = Release;
		};
/* End XCConfigurationList section */

/* Begin XCVersionGroup section */
		9A4FFBB32A87D31000BCA547 /* DailyTale.xcdatamodeld */ = {
			isa = XCVersionGroup;
			children = (
				9A4FFBB42A87D31000BCA547 /* DailyTale.xcdatamodel */,
			);
			currentVersion = 9A4FFBB42A87D31000BCA547 /* DailyTale.xcdatamodel */;
			path = DailyTale.xcdatamodeld;
			sourceTree = "<group>";
			versionGroupType = wrapper.xcdatamodel;
		};
/* End XCVersionGroup section */
	};
	rootObject = 9AE77DE92A7D8E010073CED0 /* Project object */;
}
